// !$*UTF8*$!
{
	archiveVersion = 1;
	classes = {
	};
	objectVersion = 50;
	objects = {

/* Begin PBXBuildFile section */
		28ACBB4D2143E6A6003836B9 /* AppDelegate.swift in Sources */ = {isa = PBXBuildFile; fileRef = 28ACBB4C2143E6A6003836B9 /* AppDelegate.swift */; };
		28ACBB4F2143E6A6003836B9 /* ViewController.swift in Sources */ = {isa = PBXBuildFile; fileRef = 28ACBB4E2143E6A6003836B9 /* ViewController.swift */; };
		28ACBB522143E6A6003836B9 /* Main.storyboard in Resources */ = {isa = PBXBuildFile; fileRef = 28ACBB502143E6A6003836B9 /* Main.storyboard */; };
		28ACBB542143E6A8003836B9 /* Assets.xcassets in Resources */ = {isa = PBXBuildFile; fileRef = 28ACBB532143E6A8003836B9 /* Assets.xcassets */; };
		28ACBB572143E6A8003836B9 /* LaunchScreen.storyboard in Resources */ = {isa = PBXBuildFile; fileRef = 28ACBB552143E6A8003836B9 /* LaunchScreen.storyboard */; };
		28ACBB622143E6A8003836B9 /* AppleMapSepTests.swift in Sources */ = {isa = PBXBuildFile; fileRef = 28ACBB612143E6A8003836B9 /* AppleMapSepTests.swift */; };
		28ACBB6D2143E6A9003836B9 /* AppleMapSepUITests.swift in Sources */ = {isa = PBXBuildFile; fileRef = 28ACBB6C2143E6A9003836B9 /* AppleMapSepUITests.swift */; };
/* End PBXBuildFile section */

/* Begin PBXContainerItemProxy section */
		28ACBB5E2143E6A8003836B9 /* PBXContainerItemProxy */ = {
			isa = PBXContainerItemProxy;
			containerPortal = 28ACBB412143E6A6003836B9 /* Project object */;
			proxyType = 1;
			remoteGlobalIDString = 28ACBB482143E6A6003836B9;
			remoteInfo = AppleMapSep;
		};
		28ACBB692143E6A9003836B9 /* PBXContainerItemProxy */ = {
			isa = PBXContainerItemProxy;
			containerPortal = 28ACBB412143E6A6003836B9 /* Project object */;
			proxyType = 1;
			remoteGlobalIDString = 28ACBB482143E6A6003836B9;
			remoteInfo = AppleMapSep;
		};
/* End PBXContainerItemProxy section */

/* Begin PBXFileReference section */
		28ACBB492143E6A6003836B9 /* AppleMapSep.app */ = {isa = PBXFileReference; explicitFileType = wrapper.application; includeInIndex = 0; path = AppleMapSep.app; sourceTree = BUILT_PRODUCTS_DIR; };
		28ACBB4C2143E6A6003836B9 /* AppDelegate.swift */ = {isa = PBXFileReference; lastKnownFileType = sourcecode.swift; path = AppDelegate.swift; sourceTree = "<group>"; };
		28ACBB4E2143E6A6003836B9 /* ViewController.swift */ = {isa = PBXFileReference; lastKnownFileType = sourcecode.swift; path = ViewController.swift; sourceTree = "<group>"; };
		28ACBB512143E6A6003836B9 /* Base */ = {isa = PBXFileReference; lastKnownFileType = file.storyboard; name = Base; path = Base.lproj/Main.storyboard; sourceTree = "<group>"; };
		28ACBB532143E6A8003836B9 /* Assets.xcassets */ = {isa = PBXFileReference; lastKnownFileType = folder.assetcatalog; path = Assets.xcassets; sourceTree = "<group>"; };
		28ACBB562143E6A8003836B9 /* Base */ = {isa = PBXFileReference; lastKnownFileType = file.storyboard; name = Base; path = Base.lproj/LaunchScreen.storyboard; sourceTree = "<group>"; };
		28ACBB582143E6A8003836B9 /* Info.plist */ = {isa = PBXFileReference; lastKnownFileType = text.plist.xml; path = Info.plist; sourceTree = "<group>"; };
		28ACBB5D2143E6A8003836B9 /* AppleMapSepTests.xctest */ = {isa = PBXFileReference; explicitFileType = wrapper.cfbundle; includeInIndex = 0; path = AppleMapSepTests.xctest; sourceTree = BUILT_PRODUCTS_DIR; };
		28ACBB612143E6A8003836B9 /* AppleMapSepTests.swift */ = {isa = PBXFileReference; lastKnownFileType = sourcecode.swift; path = AppleMapSepTests.swift; sourceTree = "<group>"; };
		28ACBB632143E6A9003836B9 /* Info.plist */ = {isa = PBXFileReference; lastKnownFileType = text.plist.xml; path = Info.plist; sourceTree = "<group>"; };
		28ACBB682143E6A9003836B9 /* AppleMapSepUITests.xctest */ = {isa = PBXFileReference; explicitFileType = wrapper.cfbundle; includeInIndex = 0; path = AppleMapSepUITests.xctest; sourceTree = BUILT_PRODUCTS_DIR; };
		28ACBB6C2143E6A9003836B9 /* AppleMapSepUITests.swift */ = {isa = PBXFileReference; lastKnownFileType = sourcecode.swift; path = AppleMapSepUITests.swift; sourceTree = "<group>"; };
		28ACBB6E2143E6A9003836B9 /* Info.plist */ = {isa = PBXFileReference; lastKnownFileType = text.plist.xml; path = Info.plist; sourceTree = "<group>"; };
/* End PBXFileReference section */

/* Begin PBXFrameworksBuildPhase section */
		28ACBB462143E6A6003836B9 /* Frameworks */ = {
			isa = PBXFrameworksBuildPhase;
			buildActionMask = 2147483647;
			files = (
			);
			runOnlyForDeploymentPostprocessing = 0;
		};
		28ACBB5A2143E6A8003836B9 /* Frameworks */ = {
			isa = PBXFrameworksBuildPhase;
			buildActionMask = 2147483647;
			files = (
			);
			runOnlyForDeploymentPostprocessing = 0;
		};
		28ACBB652143E6A9003836B9 /* Frameworks */ = {
			isa = PBXFrameworksBuildPhase;
			buildActionMask = 2147483647;
			files = (
			);
			runOnlyForDeploymentPostprocessing = 0;
		};
/* End PBXFrameworksBuildPhase section */

/* Begin PBXGroup section */
		28ACBB402143E6A6003836B9 = {
			isa = PBXGroup;
			children = (
				28ACBB4B2143E6A6003836B9 /* AppleMapSep */,
				28ACBB602143E6A8003836B9 /* AppleMapSepTests */,
				28ACBB6B2143E6A9003836B9 /* AppleMapSepUITests */,
				28ACBB4A2143E6A6003836B9 /* Products */,
			);
			sourceTree = "<group>";
		};
		28ACBB4A2143E6A6003836B9 /* Products */ = {
			isa = PBXGroup;
			children = (
				28ACBB492143E6A6003836B9 /* AppleMapSep.app */,
				28ACBB5D2143E6A8003836B9 /* AppleMapSepTests.xctest */,
				28ACBB682143E6A9003836B9 /* AppleMapSepUITests.xctest */,
			);
			name = Products;
			sourceTree = "<group>";
		};
		28ACBB4B2143E6A6003836B9 /* AppleMapSep */ = {
			isa = PBXGroup;
			children = (
				28ACBB4C2143E6A6003836B9 /* AppDelegate.swift */,
				28ACBB4E2143E6A6003836B9 /* ViewController.swift */,
				28ACBB502143E6A6003836B9 /* Main.storyboard */,
				28ACBB532143E6A8003836B9 /* Assets.xcassets */,
				28ACBB552143E6A8003836B9 /* LaunchScreen.storyboard */,
				28ACBB582143E6A8003836B9 /* Info.plist */,
			);
			path = AppleMapSep;
			sourceTree = "<group>";
		};
		28ACBB602143E6A8003836B9 /* AppleMapSepTests */ = {
			isa = PBXGroup;
			children = (
				28ACBB612143E6A8003836B9 /* AppleMapSepTests.swift */,
				28ACBB632143E6A9003836B9 /* Info.plist */,
			);
			path = AppleMapSepTests;
			sourceTree = "<group>";
		};
		28ACBB6B2143E6A9003836B9 /* AppleMapSepUITests */ = {
			isa = PBXGroup;
			children = (
				28ACBB6C2143E6A9003836B9 /* AppleMapSepUITests.swift */,
				28ACBB6E2143E6A9003836B9 /* Info.plist */,
			);
			path = AppleMapSepUITests;
			sourceTree = "<group>";
		};
/* End PBXGroup section */

/* Begin PBXNativeTarget section */
		28ACBB482143E6A6003836B9 /* AppleMapSep */ = {
			isa = PBXNativeTarget;
			buildConfigurationList = 28ACBB712143E6A9003836B9 /* Build configuration list for PBXNativeTarget "AppleMapSep" */;
			buildPhases = (
				28ACBB452143E6A6003836B9 /* Sources */,
				28ACBB462143E6A6003836B9 /* Frameworks */,
				28ACBB472143E6A6003836B9 /* Resources */,
			);
			buildRules = (
			);
			dependencies = (
			);
			name = AppleMapSep;
			productName = AppleMapSep;
			productReference = 28ACBB492143E6A6003836B9 /* AppleMapSep.app */;
			productType = "com.apple.product-type.application";
		};
		28ACBB5C2143E6A8003836B9 /* AppleMapSepTests */ = {
			isa = PBXNativeTarget;
			buildConfigurationList = 28ACBB742143E6A9003836B9 /* Build configuration list for PBXNativeTarget "AppleMapSepTests" */;
			buildPhases = (
				28ACBB592143E6A8003836B9 /* Sources */,
				28ACBB5A2143E6A8003836B9 /* Frameworks */,
				28ACBB5B2143E6A8003836B9 /* Resources */,
			);
			buildRules = (
			);
			dependencies = (
				28ACBB5F2143E6A8003836B9 /* PBXTargetDependency */,
			);
			name = AppleMapSepTests;
			productName = AppleMapSepTests;
			productReference = 28ACBB5D2143E6A8003836B9 /* AppleMapSepTests.xctest */;
			productType = "com.apple.product-type.bundle.unit-test";
		};
		28ACBB672143E6A9003836B9 /* AppleMapSepUITests */ = {
			isa = PBXNativeTarget;
			buildConfigurationList = 28ACBB772143E6A9003836B9 /* Build configuration list for PBXNativeTarget "AppleMapSepUITests" */;
			buildPhases = (
				28ACBB642143E6A9003836B9 /* Sources */,
				28ACBB652143E6A9003836B9 /* Frameworks */,
				28ACBB662143E6A9003836B9 /* Resources */,
			);
			buildRules = (
			);
			dependencies = (
				28ACBB6A2143E6A9003836B9 /* PBXTargetDependency */,
			);
			name = AppleMapSepUITests;
			productName = AppleMapSepUITests;
			productReference = 28ACBB682143E6A9003836B9 /* AppleMapSepUITests.xctest */;
			productType = "com.apple.product-type.bundle.ui-testing";
		};
/* End PBXNativeTarget section */

/* Begin PBXProject section */
		28ACBB412143E6A6003836B9 /* Project object */ = {
			isa = PBXProject;
			attributes = {
				LastSwiftUpdateCheck = 0940;
				LastUpgradeCheck = 0940;
				ORGANIZATIONNAME = apple;
				TargetAttributes = {
					28ACBB482143E6A6003836B9 = {
						CreatedOnToolsVersion = 9.4.1;
					};
					28ACBB5C2143E6A8003836B9 = {
						CreatedOnToolsVersion = 9.4.1;
						TestTargetID = 28ACBB482143E6A6003836B9;
					};
					28ACBB672143E6A9003836B9 = {
						CreatedOnToolsVersion = 9.4.1;
						TestTargetID = 28ACBB482143E6A6003836B9;
					};
				};
			};
			buildConfigurationList = 28ACBB442143E6A6003836B9 /* Build configuration list for PBXProject "AppleMapSep" */;
			compatibilityVersion = "Xcode 9.3";
			developmentRegion = en;
			hasScannedForEncodings = 0;
			knownRegions = (
				en,
				Base,
			);
			mainGroup = 28ACBB402143E6A6003836B9;
			productRefGroup = 28ACBB4A2143E6A6003836B9 /* Products */;
			projectDirPath = "";
			projectRoot = "";
			targets = (
				28ACBB482143E6A6003836B9 /* AppleMapSep */,
				28ACBB5C2143E6A8003836B9 /* AppleMapSepTests */,
				28ACBB672143E6A9003836B9 /* AppleMapSepUITests */,
			);
		};
/* End PBXProject section */

/* Begin PBXResourcesBuildPhase section */
		28ACBB472143E6A6003836B9 /* Resources */ = {
			isa = PBXResourcesBuildPhase;
			buildActionMask = 2147483647;
			files = (
				28ACBB572143E6A8003836B9 /* LaunchScreen.storyboard in Resources */,
				28ACBB542143E6A8003836B9 /* Assets.xcassets in Resources */,
				28ACBB522143E6A6003836B9 /* Main.storyboard in Resources */,
			);
			runOnlyForDeploymentPostprocessing = 0;
		};
		28ACBB5B2143E6A8003836B9 /* Resources */ = {
			isa = PBXResourcesBuildPhase;
			buildActionMask = 2147483647;
			files = (
			);
			runOnlyForDeploymentPostprocessing = 0;
		};
		28ACBB662143E6A9003836B9 /* Resources */ = {
			isa = PBXResourcesBuildPhase;
			buildActionMask = 2147483647;
			files = (
			);
			runOnlyForDeploymentPostprocessing = 0;
		};
/* End PBXResourcesBuildPhase section */

/* Begin PBXSourcesBuildPhase section */
		28ACBB452143E6A6003836B9 /* Sources */ = {
			isa = PBXSourcesBuildPhase;
			buildActionMask = 2147483647;
			files = (
				28ACBB4F2143E6A6003836B9 /* ViewController.swift in Sources */,
				28ACBB4D2143E6A6003836B9 /* AppDelegate.swift in Sources */,
			);
			runOnlyForDeploymentPostprocessing = 0;
		};
		28ACBB592143E6A8003836B9 /* Sources */ = {
			isa = PBXSourcesBuildPhase;
			buildActionMask = 2147483647;
			files = (
				28ACBB622143E6A8003836B9 /* AppleMapSepTests.swift in Sources */,
			);
			runOnlyForDeploymentPostprocessing = 0;
		};
		28ACBB642143E6A9003836B9 /* Sources */ = {
			isa = PBXSourcesBuildPhase;
			buildActionMask = 2147483647;
			files = (
				28ACBB6D2143E6A9003836B9 /* AppleMapSepUITests.swift in Sources */,
			);
			runOnlyForDeploymentPostprocessing = 0;
		};
/* End PBXSourcesBuildPhase section */

/* Begin PBXTargetDependency section */
		28ACBB5F2143E6A8003836B9 /* PBXTargetDependency */ = {
			isa = PBXTargetDependency;
			target = 28ACBB482143E6A6003836B9 /* AppleMapSep */;
			targetProxy = 28ACBB5E2143E6A8003836B9 /* PBXContainerItemProxy */;
		};
		28ACBB6A2143E6A9003836B9 /* PBXTargetDependency */ = {
			isa = PBXTargetDependency;
			target = 28ACBB482143E6A6003836B9 /* AppleMapSep */;
			targetProxy = 28ACBB692143E6A9003836B9 /* PBXContainerItemProxy */;
		};
/* End PBXTargetDependency section */

/* Begin PBXVariantGroup section */
		28ACBB502143E6A6003836B9 /* Main.storyboard */ = {
			isa = PBXVariantGroup;
			children = (
				28ACBB512143E6A6003836B9 /* Base */,
			);
			name = Main.storyboard;
			sourceTree = "<group>";
		};
		28ACBB552143E6A8003836B9 /* LaunchScreen.storyboard */ = {
			isa = PBXVariantGroup;
			children = (
				28ACBB562143E6A8003836B9 /* Base */,
			);
			name = LaunchScreen.storyboard;
			sourceTree = "<group>";
		};
/* End PBXVariantGroup section */

/* Begin XCBuildConfiguration section */
		28ACBB6F2143E6A9003836B9 /* Debug */ = {
			isa = XCBuildConfiguration;
			buildSettings = {
				ALWAYS_SEARCH_USER_PATHS = NO;
				CLANG_ANALYZER_NONNULL = YES;
				CLANG_ANALYZER_NUMBER_OBJECT_CONVERSION = YES_AGGRESSIVE;
				CLANG_CXX_LANGUAGE_STANDARD = "gnu++14";
				CLANG_CXX_LIBRARY = "libc++";
				CLANG_ENABLE_MODULES = YES;
				CLANG_ENABLE_OBJC_ARC = YES;
				CLANG_ENABLE_OBJC_WEAK = YES;
				CLANG_WARN_BLOCK_CAPTURE_AUTORELEASING = YES;
				CLANG_WARN_BOOL_CONVERSION = YES;
				CLANG_WARN_COMMA = YES;
				CLANG_WARN_CONSTANT_CONVERSION = YES;
				CLANG_WARN_DEPRECATED_OBJC_IMPLEMENTATIONS = YES;
				CLANG_WARN_DIRECT_OBJC_ISA_USAGE = YES_ERROR;
				CLANG_WARN_DOCUMENTATION_COMMENTS = YES;
				CLANG_WARN_EMPTY_BODY = YES;
				CLANG_WARN_ENUM_CONVERSION = YES;
				CLANG_WARN_INFINITE_RECURSION = YES;
				CLANG_WARN_INT_CONVERSION = YES;
				CLANG_WARN_NON_LITERAL_NULL_CONVERSION = YES;
				CLANG_WARN_OBJC_IMPLICIT_RETAIN_SELF = YES;
				CLANG_WARN_OBJC_LITERAL_CONVERSION = YES;
				CLANG_WARN_OBJC_ROOT_CLASS = YES_ERROR;
				CLANG_WARN_RANGE_LOOP_ANALYSIS = YES;
				CLANG_WARN_STRICT_PROTOTYPES = YES;
				CLANG_WARN_SUSPICIOUS_MOVE = YES;
				CLANG_WARN_UNGUARDED_AVAILABILITY = YES_AGGRESSIVE;
				CLANG_WARN_UNREACHABLE_CODE = YES;
				CLANG_WARN__DUPLICATE_METHOD_MATCH = YES;
				CODE_SIGN_IDENTITY = "iPhone Developer";
				COPY_PHASE_STRIP = NO;
				DEBUG_INFORMATION_FORMAT = dwarf;
				ENABLE_STRICT_OBJC_MSGSEND = YES;
				ENABLE_TESTABILITY = YES;
				GCC_C_LANGUAGE_STANDARD = gnu11;
				GCC_DYNAMIC_NO_PIC = NO;
				GCC_NO_COMMON_BLOCKS = YES;
				GCC_OPTIMIZATION_LEVEL = 0;
				GCC_PREPROCESSOR_DEFINITIONS = (
					"DEBUG=1",
					"$(inherited)",
				);
				GCC_WARN_64_TO_32_BIT_CONVERSION = YES;
				GCC_WARN_ABOUT_RETURN_TYPE = YES_ERROR;
				GCC_WARN_UNDECLARED_SELECTOR = YES;
				GCC_WARN_UNINITIALIZED_AUTOS = YES_AGGRESSIVE;
				GCC_WARN_UNUSED_FUNCTION = YES;
				GCC_WARN_UNUSED_VARIABLE = YES;
				IPHONEOS_DEPLOYMENT_TARGET = 11.4;
				MTL_ENABLE_DEBUG_INFO = YES;
				ONLY_ACTIVE_ARCH = YES;
				SDKROOT = iphoneos;
				SWIFT_ACTIVE_COMPILATION_CONDITIONS = DEBUG;
				SWIFT_OPTIMIZATION_LEVEL = "-Onone";
			};
			name = Debug;
		};
		28ACBB702143E6A9003836B9 /* Release */ = {
			isa = XCBuildConfiguration;
			buildSettings = {
				ALWAYS_SEARCH_USER_PATHS = NO;
				CLANG_ANALYZER_NONNULL = YES;
				CLANG_ANALYZER_NUMBER_OBJECT_CONVERSION = YES_AGGRESSIVE;
				CLANG_CXX_LANGUAGE_STANDARD = "gnu++14";
				CLANG_CXX_LIBRARY = "libc++";
				CLANG_ENABLE_MODULES = YES;
				CLANG_ENABLE_OBJC_ARC = YES;
				CLANG_ENABLE_OBJC_WEAK = YES;
				CLANG_WARN_BLOCK_CAPTURE_AUTORELEASING = YES;
				CLANG_WARN_BOOL_CONVERSION = YES;
				CLANG_WARN_COMMA = YES;
				CLANG_WARN_CONSTANT_CONVERSION = YES;
				CLANG_WARN_DEPRECATED_OBJC_IMPLEMENTATIONS = YES;
				CLANG_WARN_DIRECT_OBJC_ISA_USAGE = YES_ERROR;
				CLANG_WARN_DOCUMENTATION_COMMENTS = YES;
				CLANG_WARN_EMPTY_BODY = YES;
				CLANG_WARN_ENUM_CONVERSION = YES;
				CLANG_WARN_INFINITE_RECURSION = YES;
				CLANG_WARN_INT_CONVERSION = YES;
				CLANG_WARN_NON_LITERAL_NULL_CONVERSION = YES;
				CLANG_WARN_OBJC_IMPLICIT_RETAIN_SELF = YES;
				CLANG_WARN_OBJC_LITERAL_CONVERSION = YES;
				CLANG_WARN_OBJC_ROOT_CLASS = YES_ERROR;
				CLANG_WARN_RANGE_LOOP_ANALYSIS = YES;
				CLANG_WARN_STRICT_PROTOTYPES = YES;
				CLANG_WARN_SUSPICIOUS_MOVE = YES;
				CLANG_WARN_UNGUARDED_AVAILABILITY = YES_AGGRESSIVE;
				CLANG_WARN_UNREACHABLE_CODE = YES;
				CLANG_WARN__DUPLICATE_METHOD_MATCH = YES;
				CODE_SIGN_IDENTITY = "iPhone Developer";
				COPY_PHASE_STRIP = NO;
				DEBUG_INFORMATION_FORMAT = "dwarf-with-dsym";
				ENABLE_NS_ASSERTIONS = NO;
				ENABLE_STRICT_OBJC_MSGSEND = YES;
				GCC_C_LANGUAGE_STANDARD = gnu11;
				GCC_NO_COMMON_BLOCKS = YES;
				GCC_WARN_64_TO_32_BIT_CONVERSION = YES;
				GCC_WARN_ABOUT_RETURN_TYPE = YES_ERROR;
				GCC_WARN_UNDECLARED_SELECTOR = YES;
				GCC_WARN_UNINITIALIZED_AUTOS = YES_AGGRESSIVE;
				GCC_WARN_UNUSED_FUNCTION = YES;
				GCC_WARN_UNUSED_VARIABLE = YES;
				IPHONEOS_DEPLOYMENT_TARGET = 11.4;
				MTL_ENABLE_DEBUG_INFO = NO;
				SDKROOT = iphoneos;
				SWIFT_COMPILATION_MODE = wholemodule;
				SWIFT_OPTIMIZATION_LEVEL = "-O";
				VALIDATE_PRODUCT = YES;
			};
			name = Release;
		};
		28ACBB722143E6A9003836B9 /* Debug */ = {
			isa = XCBuildConfiguration;
			buildSettings = {
				ASSETCATALOG_COMPILER_APPICON_NAME = AppIcon;
				CODE_SIGN_STYLE = Automatic;
				DEVELOPMENT_TEAM = 4755664329;
				INFOPLIST_FILE = AppleMapSep/Info.plist;
				LD_RUNPATH_SEARCH_PATHS = (
					"$(inherited)",
					"@executable_path/Frameworks",
				);
				PRODUCT_BUNDLE_IDENTIFIER = exaact.AppleMapSep;
				PRODUCT_NAME = "$(TARGET_NAME)";
				SWIFT_VERSION = 4.0;
				TARGETED_DEVICE_FAMILY = "1,2";
			};
			name = Debug;
		};
		28ACBB732143E6A9003836B9 /* Release */ = {
			isa = XCBuildConfiguration;
			buildSettings = {
				ASSETCATALOG_COMPILER_APPICON_NAME = AppIcon;
				CODE_SIGN_STYLE = Automatic;
				DEVELOPMENT_TEAM = 4755664329;
				INFOPLIST_FILE = AppleMapSep/Info.plist;
				LD_RUNPATH_SEARCH_PATHS = (
					"$(inherited)",
					"@executable_path/Frameworks",
				);
				PRODUCT_BUNDLE_IDENTIFIER = exaact.AppleMapSep;
				PRODUCT_NAME = "$(TARGET_NAME)";
				SWIFT_VERSION = 4.0;
				TARGETED_DEVICE_FAMILY = "1,2";
			};
			name = Release;
		};
		28ACBB752143E6A9003836B9 /* Debug */ = {
			isa = XCBuildConfiguration;
			buildSettings = {
				ALWAYS_EMBED_SWIFT_STANDARD_LIBRARIES = YES;
				BUNDLE_LOADER = "$(TEST_HOST)";
				CODE_SIGN_STYLE = Automatic;
				DEVELOPMENT_TEAM = 4755664329;
				INFOPLIST_FILE = AppleMapSepTests/Info.plist;
				LD_RUNPATH_SEARCH_PATHS = (
					"$(inherited)",
					"@executable_path/Frameworks",
					"@loader_path/Frameworks",
				);
				PRODUCT_BUNDLE_IDENTIFIER = exaact.AppleMapSepTests;
				PRODUCT_NAME = "$(TARGET_NAME)";
				SWIFT_VERSION = 4.0;
				TARGETED_DEVICE_FAMILY = "1,2";
				TEST_HOST = "$(BUILT_PRODUCTS_DIR)/AppleMapSep.app/AppleMapSep";
			};
			name = Debug;
		};
		28ACBB762143E6A9003836B9 /* Release */ = {
			isa = XCBuildConfiguration;
			buildSettings = {
				ALWAYS_EMBED_SWIFT_STANDARD_LIBRARIES = YES;
				BUNDLE_LOADER = "$(TEST_HOST)";
				CODE_SIGN_STYLE = Automatic;
				DEVELOPMENT_TEAM = 4755664329;
				INFOPLIST_FILE = AppleMapSepTests/Info.plist;
				LD_RUNPATH_SEARCH_PATHS = (
					"$(inherited)",
					"@executable_path/Frameworks",
					"@loader_path/Frameworks",
				);
				PRODUCT_BUNDLE_IDENTIFIER = exaact.AppleMapSepTests;
				PRODUCT_NAME = "$(TARGET_NAME)";
				SWIFT_VERSION = 4.0;
				TARGETED_DEVICE_FAMILY = "1,2";
				TEST_HOST = "$(BUILT_PRODUCTS_DIR)/AppleMapSep.app/AppleMapSep";
			};
			name = Release;
		};
		28ACBB782143E6A9003836B9 /* Debug */ = {
			isa = XCBuildConfiguration;
			buildSettings = {
				ALWAYS_EMBED_SWIFT_STANDARD_LIBRARIES = YES;
				CODE_SIGN_STYLE = Automatic;
				DEVELOPMENT_TEAM = 4755664329;
				INFOPLIST_FILE = AppleMapSepUITests/Info.plist;
				LD_RUNPATH_SEARCH_PATHS = (
					"$(inherited)",
					"@executable_path/Frameworks",
					"@loader_path/Frameworks",
				);
				PRODUCT_BUNDLE_IDENTIFIER = exaact.AppleMapSepUITests;
				PRODUCT_NAME = "$(TARGET_NAME)";
				SWIFT_VERSION = 4.0;
				TARGETED_DEVICE_FAMILY = "1,2";
				TEST_TARGET_NAME = AppleMapSep;
			};
			name = Debug;
		};
		28ACBB792143E6A9003836B9 /* Release */ = {
			isa = XCBuildConfiguration;
			buildSettings = {
				ALWAYS_EMBED_SWIFT_STANDARD_LIBRARIES = YES;
				CODE_SIGN_STYLE = Automatic;
				DEVELOPMENT_TEAM = 4755664329;
				INFOPLIST_FILE = AppleMapSepUITests/Info.plist;
				LD_RUNPATH_SEARCH_PATHS = (
					"$(inherited)",
					"@executable_path/Frameworks",
					"@loader_path/Frameworks",
				);
				PRODUCT_BUNDLE_IDENTIFIER = exaact.AppleMapSepUITests;
				PRODUCT_NAME = "$(TARGET_NAME)";
				SWIFT_VERSION = 4.0;
				TARGETED_DEVICE_FAMILY = "1,2";
				TEST_TARGET_NAME = AppleMapSep;
			};
			name = Release;
		};
/* End XCBuildConfiguration section */

/* Begin XCConfigurationList section */
		28ACBB442143E6A6003836B9 /* Build configuration list for PBXProject "AppleMapSep" */ = {
			isa = XCConfigurationList;
			buildConfigurations = (
				28ACBB6F2143E6A9003836B9 /* Debug */,
				28ACBB702143E6A9003836B9 /* Release */,
			);
			defaultConfigurationIsVisible = 0;
			defaultConfigurationName = Release;
		};
		28ACBB712143E6A9003836B9 /* Build configuration list for PBXNativeTarget "AppleMapSep" */ = {
			isa = XCConfigurationList;
			buildConfigurations = (
				28ACBB722143E6A9003836B9 /* Debug */,
				28ACBB732143E6A9003836B9 /* Release */,
			);
			defaultConfigurationIsVisible = 0;
			defaultConfigurationName = Release;
		};
		28ACBB742143E6A9003836B9 /* Build configuration list for PBXNativeTarget "AppleMapSepTests" */ = {
			isa = XCConfigurationList;
			buildConfigurations = (
				28ACBB752143E6A9003836B9 /* Debug */,
				28ACBB762143E6A9003836B9 /* Release */,
			);
			defaultConfigurationIsVisible = 0;
			defaultConfigurationName = Release;
		};
		28ACBB772143E6A9003836B9 /* Build configuration list for PBXNativeTarget "AppleMapSepUITests" */ = {
			isa = XCConfigurationList;
			buildConfigurations = (
				28ACBB782143E6A9003836B9 /* Debug */,
				28ACBB792143E6A9003836B9 /* Release */,
			);
			defaultConfigurationIsVisible = 0;
			defaultConfigurationName = Release;
		};
/* End XCConfigurationList section */
	};
	rootObject = 28ACBB412143E6A6003836B9 /* Project object */;
}
